
Microsoft Visual Studio Solution File, Format Version 12.00
# Visual Studio Version 16
VisualStudioVersion = 16.0.31702.278
MinimumVisualStudioVersion = 10.0.40219.1
Project("{FAE04EC0-301F-11D3-BF4B-00C04F79EFBC}") = "Redis", "Redis.csproj", "{3F7B9708-E7DA-4A55-A29E-FB8F2ED81C30}"
EndProject
Global
	GlobalSection(SolutionConfigurationPlatforms) = preSolution
		Debug|Any CPU = Debug|Any CPU
		Release|Any CPU = Release|Any CPU
	EndGlobalSection
	GlobalSection(ProjectConfigurationPlatforms) = postSolution
		{3F7B9708-E7DA-4A55-A29E-FB8F2ED81C30}.Debug|Any CPU.ActiveCfg = Debug|Any CPU
		{3F7B9708-E7DA-4A55-A29E-FB8F2ED81C30}.Debug|Any CPU.Build.0 = Debug|Any CPU
		{3F7B9708-E7DA-4A55-A29E-FB8F2ED81C30}.Release|Any CPU.ActiveCfg = Release|Any CPU
		{3F7B9708-E7DA-4A55-A29E-FB8F2ED81C30}.Release|Any CPU.Build.0 = Release|Any CPU
	EndGlobalSection
	GlobalSection(SolutionProperties) = preSolution
		HideSolutionNode = FALSE
	EndGlobalSection
	GlobalSection(ExtensibilityGlobals) = postSolution
		SolutionGuid = {48D2B3CF-B3B1-4A91-B5D0-71A308E890BA}
	EndGlobalSection
EndGlobal
